{
  "lib/forge-std": {
    "tag": {
      "name": "v1.14.0",
      "rev": "1801b0541f4fda118a10798fd3486bb7051c5dd6"
    }
  }

"""
Θέλω ακριβώς αυτή την έκδοση της forge-std, όχι ό,τι τύχει».
Αυτό εξασφαλίζει:
αναπαραγωγιμότητα
ίδιο behavior σε κάθε μηχάνημα
ίδια contracts compilation
Αν ανοίξει κάποιος το project σου:
θα τραβήξει ακριβώς την ίδια έκδοση βιβλιοθήκης
"""